// !$*UTF8*$!
{
	archiveVersion = 1;
	classes = {
	};
	objectVersion = 46;
	objects = {

/* Begin PBXBuildFile section */
		0E76FFEF1573FE1A000EE5CA /* MWPhotoBrowser.bundle in Resources */ = {isa = PBXBuildFile; fileRef = 0E76FFEE1573FE1A000EE5CA /* MWPhotoBrowser.bundle */; };
		0EA380351573EA53003F4582 /* ImageIO.framework in Frameworks */ = {isa = PBXBuildFile; fileRef = 0EA380341573EA53003F4582 /* ImageIO.framework */; };
		4C6F979214AF734900F8389A /* UIKit.framework in Frameworks */ = {isa = PBXBuildFile; fileRef = 4C6F979114AF734900F8389A /* UIKit.framework */; };
		4C6F979414AF734900F8389A /* Foundation.framework in Frameworks */ = {isa = PBXBuildFile; fileRef = 4C6F979314AF734900F8389A /* Foundation.framework */; };
		4C6F979614AF734900F8389A /* CoreGraphics.framework in Frameworks */ = {isa = PBXBuildFile; fileRef = 4C6F979514AF734900F8389A /* CoreGraphics.framework */; };
		4C6F979E14AF734900F8389A /* main.m in Sources */ = {isa = PBXBuildFile; fileRef = 4C6F979D14AF734900F8389A /* main.m */; };
		4C6F97A214AF734900F8389A /* AppDelegate.m in Sources */ = {isa = PBXBuildFile; fileRef = 4C6F97A114AF734900F8389A /* AppDelegate.m */; };
		4C6F97B314AF737E00F8389A /* Menu.m in Sources */ = {isa = PBXBuildFile; fileRef = 4C6F97B214AF737E00F8389A /* Menu.m */; };
		4C6F97C914AF750400F8389A /* MessageUI.framework in Frameworks */ = {isa = PBXBuildFile; fileRef = 4C6F97C814AF750400F8389A /* MessageUI.framework */; };
		4C6F97D314AF760500F8389A /* photo1l.jpg in Resources */ = {isa = PBXBuildFile; fileRef = 4C6F97CB14AF760500F8389A /* photo1l.jpg */; };
		4C6F97D414AF760500F8389A /* photo1m.jpg in Resources */ = {isa = PBXBuildFile; fileRef = 4C6F97CC14AF760500F8389A /* photo1m.jpg */; };
		4C6F97D514AF760500F8389A /* photo2l.jpg in Resources */ = {isa = PBXBuildFile; fileRef = 4C6F97CD14AF760500F8389A /* photo2l.jpg */; };
		4C6F97D614AF760500F8389A /* photo2m.jpg in Resources */ = {isa = PBXBuildFile; fileRef = 4C6F97CE14AF760500F8389A /* photo2m.jpg */; };
		4C6F97D714AF760500F8389A /* photo3l.jpg in Resources */ = {isa = PBXBuildFile; fileRef = 4C6F97CF14AF760500F8389A /* photo3l.jpg */; };
		4C6F97D814AF760500F8389A /* photo3m.jpg in Resources */ = {isa = PBXBuildFile; fileRef = 4C6F97D014AF760500F8389A /* photo3m.jpg */; };
		4C6F97D914AF760500F8389A /* photo4l.jpg in Resources */ = {isa = PBXBuildFile; fileRef = 4C6F97D114AF760500F8389A /* photo4l.jpg */; };
		4C6F97DA14AF760500F8389A /* photo4m.jpg in Resources */ = {isa = PBXBuildFile; fileRef = 4C6F97D214AF760500F8389A /* photo4m.jpg */; };
		A733643C1746508B00972AD5 /* MWCaptionView.m in Sources */ = {isa = PBXBuildFile; fileRef = A733640F1746508B00972AD5 /* MWCaptionView.m */; };
		A733643D1746508B00972AD5 /* MWPhoto.m in Sources */ = {isa = PBXBuildFile; fileRef = A73364121746508B00972AD5 /* MWPhoto.m */; };
		A733643E1746508B00972AD5 /* MWPhotoBrowser.m in Sources */ = {isa = PBXBuildFile; fileRef = A73364141746508B00972AD5 /* MWPhotoBrowser.m */; };
		A733643F1746508B00972AD5 /* MWTapDetectingImageView.m in Sources */ = {isa = PBXBuildFile; fileRef = A73364171746508B00972AD5 /* MWTapDetectingImageView.m */; };
		A73364401746508B00972AD5 /* MWTapDetectingView.m in Sources */ = {isa = PBXBuildFile; fileRef = A73364191746508B00972AD5 /* MWTapDetectingView.m */; };
		A73364411746508B00972AD5 /* MWUserHeaderView.xib in Resources */ = {isa = PBXBuildFile; fileRef = A733641B1746508B00972AD5 /* MWUserHeaderView.xib */; };
		A73364421746508B00972AD5 /* MWUserHeaderView.m in Sources */ = {isa = PBXBuildFile; fileRef = A733641D1746508B00972AD5 /* MWUserHeaderView.m */; };
		A73364431746508B00972AD5 /* MWZoomingScrollView.m in Sources */ = {isa = PBXBuildFile; fileRef = A733641F1746508B00972AD5 /* MWZoomingScrollView.m */; };
		A73364441746508B00972AD5 /* navbarBG.png in Resources */ = {isa = PBXBuildFile; fileRef = A73364201746508B00972AD5 /* navbarBG.png */; };
		A73364451746508B00972AD5 /* MBProgressHUD.m in Sources */ = {isa = PBXBuildFile; fileRef = A73364241746508B00972AD5 /* MBProgressHUD.m */; };
		A73364461746508B00972AD5 /* README.mdown in Resources */ = {isa = PBXBuildFile; fileRef = A73364251746508B00972AD5 /* README.mdown */; };
		A73364471746508B00972AD5 /* LICENSE in Resources */ = {isa = PBXBuildFile; fileRef = A73364271746508B00972AD5 /* LICENSE */; };
		A73364481746508B00972AD5 /* README.md in Resources */ = {isa = PBXBuildFile; fileRef = A73364281746508B00972AD5 /* README.md */; };
		A73364491746508B00972AD5 /* SDImageCache.m in Sources */ = {isa = PBXBuildFile; fileRef = A733642A1746508B00972AD5 /* SDImageCache.m */; };
		A733644A1746508B00972AD5 /* SDWebImageDecoder.m in Sources */ = {isa = PBXBuildFile; fileRef = A733642E1746508B00972AD5 /* SDWebImageDecoder.m */; };
		A733644B1746508B00972AD5 /* SDWebImageDownloader.m in Sources */ = {isa = PBXBuildFile; fileRef = A73364301746508B00972AD5 /* SDWebImageDownloader.m */; };
		A733644C1746508B00972AD5 /* SDWebImageManager.m in Sources */ = {isa = PBXBuildFile; fileRef = A73364331746508B00972AD5 /* SDWebImageManager.m */; };
		A733644D1746508B00972AD5 /* SDWebImagePrefetcher.m in Sources */ = {isa = PBXBuildFile; fileRef = A73364361746508B00972AD5 /* SDWebImagePrefetcher.m */; };
		A733644E1746508B00972AD5 /* UIButton+WebCache.m in Sources */ = {isa = PBXBuildFile; fileRef = A73364381746508B00972AD5 /* UIButton+WebCache.m */; };
		A733644F1746508B00972AD5 /* UIImageView+WebCache.m in Sources */ = {isa = PBXBuildFile; fileRef = A733643A1746508B00972AD5 /* UIImageView+WebCache.m */; };
		D3B0D12417302289009A6F31 /* SystemConfiguration.framework in Frameworks */ = {isa = PBXBuildFile; fileRef = D3B0D12317302289009A6F31 /* SystemConfiguration.framework */; };
/* End PBXBuildFile section */

/* Begin PBXFileReference section */
		0E76FFEE1573FE1A000EE5CA /* MWPhotoBrowser.bundle */ = {isa = PBXFileReference; lastKnownFileType = "wrapper.plug-in"; name = MWPhotoBrowser.bundle; path = ../../MWPhotoBrowser/MWPhotoBrowser.bundle; sourceTree = "<group>"; };
		0EA380341573EA53003F4582 /* ImageIO.framework */ = {isa = PBXFileReference; lastKnownFileType = wrapper.framework; name = ImageIO.framework; path = System/Library/Frameworks/ImageIO.framework; sourceTree = SDKROOT; };
		4C6F978D14AF734900F8389A /* PhotoBrowserDemo.app */ = {isa = PBXFileReference; explicitFileType = wrapper.application; includeInIndex = 0; path = PhotoBrowserDemo.app; sourceTree = BUILT_PRODUCTS_DIR; };
		4C6F979114AF734900F8389A /* UIKit.framework */ = {isa = PBXFileReference; lastKnownFileType = wrapper.framework; name = UIKit.framework; path = System/Library/Frameworks/UIKit.framework; sourceTree = SDKROOT; };
		4C6F979314AF734900F8389A /* Foundation.framework */ = {isa = PBXFileReference; lastKnownFileType = wrapper.framework; name = Foundation.framework; path = System/Library/Frameworks/Foundation.framework; sourceTree = SDKROOT; };
		4C6F979514AF734900F8389A /* CoreGraphics.framework */ = {isa = PBXFileReference; lastKnownFileType = wrapper.framework; name = CoreGraphics.framework; path = System/Library/Frameworks/CoreGraphics.framework; sourceTree = SDKROOT; };
		4C6F979914AF734900F8389A /* PhotoBrowserDemo-Info.plist */ = {isa = PBXFileReference; lastKnownFileType = text.plist.xml; path = "PhotoBrowserDemo-Info.plist"; sourceTree = "<group>"; };
		4C6F979D14AF734900F8389A /* main.m */ = {isa = PBXFileReference; lastKnownFileType = sourcecode.c.objc; path = main.m; sourceTree = "<group>"; };
		4C6F979F14AF734900F8389A /* PhotoBrowserDemo-Prefix.pch */ = {isa = PBXFileReference; lastKnownFileType = sourcecode.c.h; path = "PhotoBrowserDemo-Prefix.pch"; sourceTree = "<group>"; };
		4C6F97A014AF734900F8389A /* AppDelegate.h */ = {isa = PBXFileReference; lastKnownFileType = sourcecode.c.h; path = AppDelegate.h; sourceTree = "<group>"; };
		4C6F97A114AF734900F8389A /* AppDelegate.m */ = {isa = PBXFileReference; lastKnownFileType = sourcecode.c.objc; path = AppDelegate.m; sourceTree = "<group>"; };
		4C6F97B114AF737E00F8389A /* Menu.h */ = {isa = PBXFileReference; fileEncoding = 4; lastKnownFileType = sourcecode.c.h; path = Menu.h; sourceTree = "<group>"; };
		4C6F97B214AF737E00F8389A /* Menu.m */ = {isa = PBXFileReference; fileEncoding = 4; lastKnownFileType = sourcecode.c.objc; path = Menu.m; sourceTree = "<group>"; };
		4C6F97C814AF750400F8389A /* MessageUI.framework */ = {isa = PBXFileReference; lastKnownFileType = wrapper.framework; name = MessageUI.framework; path = System/Library/Frameworks/MessageUI.framework; sourceTree = SDKROOT; };
		4C6F97CB14AF760500F8389A /* photo1l.jpg */ = {isa = PBXFileReference; lastKnownFileType = image.jpeg; name = photo1l.jpg; path = Photos/photo1l.jpg; sourceTree = "<group>"; };
		4C6F97CC14AF760500F8389A /* photo1m.jpg */ = {isa = PBXFileReference; lastKnownFileType = image.jpeg; name = photo1m.jpg; path = Photos/photo1m.jpg; sourceTree = "<group>"; };
		4C6F97CD14AF760500F8389A /* photo2l.jpg */ = {isa = PBXFileReference; lastKnownFileType = image.jpeg; name = photo2l.jpg; path = Photos/photo2l.jpg; sourceTree = "<group>"; };
		4C6F97CE14AF760500F8389A /* photo2m.jpg */ = {isa = PBXFileReference; lastKnownFileType = image.jpeg; name = photo2m.jpg; path = Photos/photo2m.jpg; sourceTree = "<group>"; };
		4C6F97CF14AF760500F8389A /* photo3l.jpg */ = {isa = PBXFileReference; lastKnownFileType = image.jpeg; name = photo3l.jpg; path = Photos/photo3l.jpg; sourceTree = "<group>"; };
		4C6F97D014AF760500F8389A /* photo3m.jpg */ = {isa = PBXFileReference; lastKnownFileType = image.jpeg; name = photo3m.jpg; path = Photos/photo3m.jpg; sourceTree = "<group>"; };
		4C6F97D114AF760500F8389A /* photo4l.jpg */ = {isa = PBXFileReference; lastKnownFileType = image.jpeg; name = photo4l.jpg; path = Photos/photo4l.jpg; sourceTree = "<group>"; };
		4C6F97D214AF760500F8389A /* photo4m.jpg */ = {isa = PBXFileReference; lastKnownFileType = image.jpeg; name = photo4m.jpg; path = Photos/photo4m.jpg; sourceTree = "<group>"; };
		A733640E1746508B00972AD5 /* MWCaptionView.h */ = {isa = PBXFileReference; fileEncoding = 4; lastKnownFileType = sourcecode.c.h; path = MWCaptionView.h; sourceTree = "<group>"; };
		A733640F1746508B00972AD5 /* MWCaptionView.m */ = {isa = PBXFileReference; fileEncoding = 4; lastKnownFileType = sourcecode.c.objc; path = MWCaptionView.m; sourceTree = "<group>"; };
		A73364101746508B00972AD5 /* MWHeaderObject.h */ = {isa = PBXFileReference; fileEncoding = 4; lastKnownFileType = sourcecode.c.h; path = MWHeaderObject.h; sourceTree = "<group>"; };
		A73364111746508B00972AD5 /* MWPhoto.h */ = {isa = PBXFileReference; fileEncoding = 4; lastKnownFileType = sourcecode.c.h; path = MWPhoto.h; sourceTree = "<group>"; };
		A73364121746508B00972AD5 /* MWPhoto.m */ = {isa = PBXFileReference; fileEncoding = 4; lastKnownFileType = sourcecode.c.objc; path = MWPhoto.m; sourceTree = "<group>"; };
		A73364131746508B00972AD5 /* MWPhotoBrowser.h */ = {isa = PBXFileReference; fileEncoding = 4; lastKnownFileType = sourcecode.c.h; path = MWPhotoBrowser.h; sourceTree = "<group>"; };
		A73364141746508B00972AD5 /* MWPhotoBrowser.m */ = {isa = PBXFileReference; fileEncoding = 4; lastKnownFileType = sourcecode.c.objc; path = MWPhotoBrowser.m; sourceTree = "<group>"; };
		A73364151746508B00972AD5 /* MWPhotoProtocol.h */ = {isa = PBXFileReference; fileEncoding = 4; lastKnownFileType = sourcecode.c.h; path = MWPhotoProtocol.h; sourceTree = "<group>"; };
		A73364161746508B00972AD5 /* MWTapDetectingImageView.h */ = {isa = PBXFileReference; fileEncoding = 4; lastKnownFileType = sourcecode.c.h; path = MWTapDetectingImageView.h; sourceTree = "<group>"; };
		A73364171746508B00972AD5 /* MWTapDetectingImageView.m */ = {isa = PBXFileReference; fileEncoding = 4; lastKnownFileType = sourcecode.c.objc; path = MWTapDetectingImageView.m; sourceTree = "<group>"; };
		A73364181746508B00972AD5 /* MWTapDetectingView.h */ = {isa = PBXFileReference; fileEncoding = 4; lastKnownFileType = sourcecode.c.h; path = MWTapDetectingView.h; sourceTree = "<group>"; };
		A73364191746508B00972AD5 /* MWTapDetectingView.m */ = {isa = PBXFileReference; fileEncoding = 4; lastKnownFileType = sourcecode.c.objc; path = MWTapDetectingView.m; sourceTree = "<group>"; };
		A733641B1746508B00972AD5 /* MWUserHeaderView.xib */ = {isa = PBXFileReference; fileEncoding = 4; lastKnownFileType = file.xib; path = MWUserHeaderView.xib; sourceTree = "<group>"; };
		A733641C1746508B00972AD5 /* MWUserHeaderView.h */ = {isa = PBXFileReference; fileEncoding = 4; lastKnownFileType = sourcecode.c.h; path = MWUserHeaderView.h; sourceTree = "<group>"; };
		A733641D1746508B00972AD5 /* MWUserHeaderView.m */ = {isa = PBXFileReference; fileEncoding = 4; lastKnownFileType = sourcecode.c.objc; path = MWUserHeaderView.m; sourceTree = "<group>"; };
		A733641E1746508B00972AD5 /* MWZoomingScrollView.h */ = {isa = PBXFileReference; fileEncoding = 4; lastKnownFileType = sourcecode.c.h; path = MWZoomingScrollView.h; sourceTree = "<group>"; };
		A733641F1746508B00972AD5 /* MWZoomingScrollView.m */ = {isa = PBXFileReference; fileEncoding = 4; lastKnownFileType = sourcecode.c.objc; path = MWZoomingScrollView.m; sourceTree = "<group>"; };
		A73364201746508B00972AD5 /* navbarBG.png */ = {isa = PBXFileReference; lastKnownFileType = image.png; path = navbarBG.png; sourceTree = "<group>"; };
		A73364231746508B00972AD5 /* MBProgressHUD.h */ = {isa = PBXFileReference; fileEncoding = 4; lastKnownFileType = sourcecode.c.h; path = MBProgressHUD.h; sourceTree = "<group>"; };
		A73364241746508B00972AD5 /* MBProgressHUD.m */ = {isa = PBXFileReference; fileEncoding = 4; lastKnownFileType = sourcecode.c.objc; path = MBProgressHUD.m; sourceTree = "<group>"; };
		A73364251746508B00972AD5 /* README.mdown */ = {isa = PBXFileReference; fileEncoding = 4; lastKnownFileType = text; path = README.mdown; sourceTree = "<group>"; };
		A73364271746508B00972AD5 /* LICENSE */ = {isa = PBXFileReference; fileEncoding = 4; lastKnownFileType = text; path = LICENSE; sourceTree = "<group>"; };
		A73364281746508B00972AD5 /* README.md */ = {isa = PBXFileReference; fileEncoding = 4; lastKnownFileType = text; path = README.md; sourceTree = "<group>"; };
		A73364291746508B00972AD5 /* SDImageCache.h */ = {isa = PBXFileReference; fileEncoding = 4; lastKnownFileType = sourcecode.c.h; path = SDImageCache.h; sourceTree = "<group>"; };
		A733642A1746508B00972AD5 /* SDImageCache.m */ = {isa = PBXFileReference; fileEncoding = 4; lastKnownFileType = sourcecode.c.objc; path = SDImageCache.m; sourceTree = "<group>"; };
		A733642B1746508B00972AD5 /* SDImageCacheDelegate.h */ = {isa = PBXFileReference; fileEncoding = 4; lastKnownFileType = sourcecode.c.h; path = SDImageCacheDelegate.h; sourceTree = "<group>"; };
		A733642C1746508B00972AD5 /* SDWebImageCompat.h */ = {isa = PBXFileReference; fileEncoding = 4; lastKnownFileType = sourcecode.c.h; path = SDWebImageCompat.h; sourceTree = "<group>"; };
		A733642D1746508B00972AD5 /* SDWebImageDecoder.h */ = {isa = PBXFileReference; fileEncoding = 4; lastKnownFileType = sourcecode.c.h; path = SDWebImageDecoder.h; sourceTree = "<group>"; };
		A733642E1746508B00972AD5 /* SDWebImageDecoder.m */ = {isa = PBXFileReference; fileEncoding = 4; lastKnownFileType = sourcecode.c.objc; path = SDWebImageDecoder.m; sourceTree = "<group>"; };
		A733642F1746508B00972AD5 /* SDWebImageDownloader.h */ = {isa = PBXFileReference; fileEncoding = 4; lastKnownFileType = sourcecode.c.h; path = SDWebImageDownloader.h; sourceTree = "<group>"; };
		A73364301746508B00972AD5 /* SDWebImageDownloader.m */ = {isa = PBXFileReference; fileEncoding = 4; lastKnownFileType = sourcecode.c.objc; path = SDWebImageDownloader.m; sourceTree = "<group>"; };
		A73364311746508B00972AD5 /* SDWebImageDownloaderDelegate.h */ = {isa = PBXFileReference; fileEncoding = 4; lastKnownFileType = sourcecode.c.h; path = SDWebImageDownloaderDelegate.h; sourceTree = "<group>"; };
		A73364321746508B00972AD5 /* SDWebImageManager.h */ = {isa = PBXFileReference; fileEncoding = 4; lastKnownFileType = sourcecode.c.h; path = SDWebImageManager.h; sourceTree = "<group>"; };
		A73364331746508B00972AD5 /* SDWebImageManager.m */ = {isa = PBXFileReference; fileEncoding = 4; lastKnownFileType = sourcecode.c.objc; path = SDWebImageManager.m; sourceTree = "<group>"; };
		A73364341746508B00972AD5 /* SDWebImageManagerDelegate.h */ = {isa = PBXFileReference; fileEncoding = 4; lastKnownFileType = sourcecode.c.h; path = SDWebImageManagerDelegate.h; sourceTree = "<group>"; };
		A73364351746508B00972AD5 /* SDWebImagePrefetcher.h */ = {isa = PBXFileReference; fileEncoding = 4; lastKnownFileType = sourcecode.c.h; path = SDWebImagePrefetcher.h; sourceTree = "<group>"; };
		A73364361746508B00972AD5 /* SDWebImagePrefetcher.m */ = {isa = PBXFileReference; fileEncoding = 4; lastKnownFileType = sourcecode.c.objc; path = SDWebImagePrefetcher.m; sourceTree = "<group>"; };
		A73364371746508B00972AD5 /* UIButton+WebCache.h */ = {isa = PBXFileReference; fileEncoding = 4; lastKnownFileType = sourcecode.c.h; path = "UIButton+WebCache.h"; sourceTree = "<group>"; };
		A73364381746508B00972AD5 /* UIButton+WebCache.m */ = {isa = PBXFileReference; fileEncoding = 4; lastKnownFileType = sourcecode.c.objc; path = "UIButton+WebCache.m"; sourceTree = "<group>"; };
		A73364391746508B00972AD5 /* UIImageView+WebCache.h */ = {isa = PBXFileReference; fileEncoding = 4; lastKnownFileType = sourcecode.c.h; path = "UIImageView+WebCache.h"; sourceTree = "<group>"; };
		A733643A1746508B00972AD5 /* UIImageView+WebCache.m */ = {isa = PBXFileReference; fileEncoding = 4; lastKnownFileType = sourcecode.c.objc; path = "UIImageView+WebCache.m"; sourceTree = "<group>"; };
		A733643B1746508B00972AD5 /* MWPhotoBrowser-Prefix.pch */ = {isa = PBXFileReference; fileEncoding = 4; lastKnownFileType = sourcecode.c.h; path = "MWPhotoBrowser-Prefix.pch"; sourceTree = "<group>"; };
		D3B0D12317302289009A6F31 /* SystemConfiguration.framework */ = {isa = PBXFileReference; lastKnownFileType = wrapper.framework; name = SystemConfiguration.framework; path = System/Library/Frameworks/SystemConfiguration.framework; sourceTree = SDKROOT; };
/* End PBXFileReference section */

/* Begin PBXFrameworksBuildPhase section */
		4C6F978A14AF734800F8389A /* Frameworks */ = {
			isa = PBXFrameworksBuildPhase;
			buildActionMask = 2147483647;
			files = (
				D3B0D12417302289009A6F31 /* SystemConfiguration.framework in Frameworks */,
				0EA380351573EA53003F4582 /* ImageIO.framework in Frameworks */,
				4C6F97C914AF750400F8389A /* MessageUI.framework in Frameworks */,
				4C6F979214AF734900F8389A /* UIKit.framework in Frameworks */,
				4C6F979414AF734900F8389A /* Foundation.framework in Frameworks */,
				4C6F979614AF734900F8389A /* CoreGraphics.framework in Frameworks */,
			);
			runOnlyForDeploymentPostprocessing = 0;
		};
/* End PBXFrameworksBuildPhase section */

/* Begin PBXGroup section */
		4C6F978214AF734800F8389A = {
			isa = PBXGroup;
			children = (
				D3B0D12317302289009A6F31 /* SystemConfiguration.framework */,
				4C6F979714AF734900F8389A /* PhotoBrowserDemo */,
				4C6F979014AF734900F8389A /* Frameworks */,
				4C6F978E14AF734900F8389A /* Products */,
			);
			sourceTree = "<group>";
		};
		4C6F978E14AF734900F8389A /* Products */ = {
			isa = PBXGroup;
			children = (
				4C6F978D14AF734900F8389A /* PhotoBrowserDemo.app */,
			);
			name = Products;
			sourceTree = "<group>";
		};
		4C6F979014AF734900F8389A /* Frameworks */ = {
			isa = PBXGroup;
			children = (
				0EA380341573EA53003F4582 /* ImageIO.framework */,
				4C6F97C814AF750400F8389A /* MessageUI.framework */,
				4C6F979114AF734900F8389A /* UIKit.framework */,
				4C6F979314AF734900F8389A /* Foundation.framework */,
				4C6F979514AF734900F8389A /* CoreGraphics.framework */,
			);
			name = Frameworks;
			sourceTree = "<group>";
		};
		4C6F979714AF734900F8389A /* PhotoBrowserDemo */ = {
			isa = PBXGroup;
			children = (
				4C6F97A014AF734900F8389A /* AppDelegate.h */,
				4C6F97A114AF734900F8389A /* AppDelegate.m */,
				4C6F97B114AF737E00F8389A /* Menu.h */,
				4C6F97B214AF737E00F8389A /* Menu.m */,
				4C6F97CA14AF75D300F8389A /* Photos */,
				4CB08BF314B1FF7300730E9F /* MWPhotoBrowser */,
				4C6F979814AF734900F8389A /* Supporting Files */,
			);
			path = PhotoBrowserDemo;
			sourceTree = "<group>";
		};
		4C6F979814AF734900F8389A /* Supporting Files */ = {
			isa = PBXGroup;
			children = (
				4C6F979914AF734900F8389A /* PhotoBrowserDemo-Info.plist */,
				4C6F979D14AF734900F8389A /* main.m */,
				4C6F979F14AF734900F8389A /* PhotoBrowserDemo-Prefix.pch */,
			);
			name = "Supporting Files";
			sourceTree = "<group>";
		};
		4C6F97CA14AF75D300F8389A /* Photos */ = {
			isa = PBXGroup;
			children = (
				4C6F97CB14AF760500F8389A /* photo1l.jpg */,
				4C6F97CC14AF760500F8389A /* photo1m.jpg */,
				4C6F97CD14AF760500F8389A /* photo2l.jpg */,
				4C6F97CE14AF760500F8389A /* photo2m.jpg */,
				4C6F97CF14AF760500F8389A /* photo3l.jpg */,
				4C6F97D014AF760500F8389A /* photo3m.jpg */,
				4C6F97D114AF760500F8389A /* photo4l.jpg */,
				4C6F97D214AF760500F8389A /* photo4m.jpg */,
			);
			name = Photos;
			sourceTree = "<group>";
		};
		4CB08BF314B1FF7300730E9F /* MWPhotoBrowser */ = {
			isa = PBXGroup;
			children = (
				0E76FFEE1573FE1A000EE5CA /* MWPhotoBrowser.bundle */,
				A733640D1746508B00972AD5 /* Classes */,
				A73364211746508B00972AD5 /* Libraries */,
				A733643B1746508B00972AD5 /* MWPhotoBrowser-Prefix.pch */,
			);
			name = MWPhotoBrowser;
			sourceTree = "<group>";
		};
		A733640D1746508B00972AD5 /* Classes */ = {
			isa = PBXGroup;
			children = (
				A733640E1746508B00972AD5 /* MWCaptionView.h */,
				A733640F1746508B00972AD5 /* MWCaptionView.m */,
				A73364101746508B00972AD5 /* MWHeaderObject.h */,
				A73364111746508B00972AD5 /* MWPhoto.h */,
				A73364121746508B00972AD5 /* MWPhoto.m */,
				A73364131746508B00972AD5 /* MWPhotoBrowser.h */,
				A73364141746508B00972AD5 /* MWPhotoBrowser.m */,
				A73364151746508B00972AD5 /* MWPhotoProtocol.h */,
				A73364161746508B00972AD5 /* MWTapDetectingImageView.h */,
				A73364171746508B00972AD5 /* MWTapDetectingImageView.m */,
				A73364181746508B00972AD5 /* MWTapDetectingView.h */,
				A73364191746508B00972AD5 /* MWTapDetectingView.m */,
				A733641A1746508B00972AD5 /* MWUserHeader */,
				A733641C1746508B00972AD5 /* MWUserHeaderView.h */,
				A733641D1746508B00972AD5 /* MWUserHeaderView.m */,
				A733641E1746508B00972AD5 /* MWZoomingScrollView.h */,
				A733641F1746508B00972AD5 /* MWZoomingScrollView.m */,
				A73364201746508B00972AD5 /* navbarBG.png */,
			);
			path = Classes;
			sourceTree = "<group>";
		};
		A733641A1746508B00972AD5 /* MWUserHeader */ = {
			isa = PBXGroup;
			children = (
				A733641B1746508B00972AD5 /* MWUserHeaderView.xib */,
			);
			path = MWUserHeader;
			sourceTree = "<group>";
		};
		A73364211746508B00972AD5 /* Libraries */ = {
			isa = PBXGroup;
			children = (
				A73364221746508B00972AD5 /* MBProgressHUD */,
				A73364261746508B00972AD5 /* SDWebImage */,
			);
			path = Libraries;
			sourceTree = "<group>";
		};
		A73364221746508B00972AD5 /* MBProgressHUD */ = {
			isa = PBXGroup;
			children = (
				A73364231746508B00972AD5 /* MBProgressHUD.h */,
				A73364241746508B00972AD5 /* MBProgressHUD.m */,
				A73364251746508B00972AD5 /* README.mdown */,
			);
			path = MBProgressHUD;
			sourceTree = "<group>";
		};
		A73364261746508B00972AD5 /* SDWebImage */ = {
			isa = PBXGroup;
			children = (
				A73364271746508B00972AD5 /* LICENSE */,
				A73364281746508B00972AD5 /* README.md */,
				A73364291746508B00972AD5 /* SDImageCache.h */,
				A733642A1746508B00972AD5 /* SDImageCache.m */,
				A733642B1746508B00972AD5 /* SDImageCacheDelegate.h */,
				A733642C1746508B00972AD5 /* SDWebImageCompat.h */,
				A733642D1746508B00972AD5 /* SDWebImageDecoder.h */,
				A733642E1746508B00972AD5 /* SDWebImageDecoder.m */,
				A733642F1746508B00972AD5 /* SDWebImageDownloader.h */,
				A73364301746508B00972AD5 /* SDWebImageDownloader.m */,
				A73364311746508B00972AD5 /* SDWebImageDownloaderDelegate.h */,
				A73364321746508B00972AD5 /* SDWebImageManager.h */,
				A73364331746508B00972AD5 /* SDWebImageManager.m */,
				A73364341746508B00972AD5 /* SDWebImageManagerDelegate.h */,
				A73364351746508B00972AD5 /* SDWebImagePrefetcher.h */,
				A73364361746508B00972AD5 /* SDWebImagePrefetcher.m */,
				A73364371746508B00972AD5 /* UIButton+WebCache.h */,
				A73364381746508B00972AD5 /* UIButton+WebCache.m */,
				A73364391746508B00972AD5 /* UIImageView+WebCache.h */,
				A733643A1746508B00972AD5 /* UIImageView+WebCache.m */,
			);
			path = SDWebImage;
			sourceTree = "<group>";
		};
/* End PBXGroup section */

/* Begin PBXNativeTarget section */
		4C6F978C14AF734800F8389A /* PhotoBrowserDemo */ = {
			isa = PBXNativeTarget;
			buildConfigurationList = 4C6F97AE14AF734900F8389A /* Build configuration list for PBXNativeTarget "PhotoBrowserDemo" */;
			buildPhases = (
				4C6F978914AF734800F8389A /* Sources */,
				4C6F978A14AF734800F8389A /* Frameworks */,
				4C6F978B14AF734800F8389A /* Resources */,
			);
			buildRules = (
			);
			dependencies = (
			);
			name = PhotoBrowserDemo;
			productName = PhotoBrowserDemo;
			productReference = 4C6F978D14AF734900F8389A /* PhotoBrowserDemo.app */;
			productType = "com.apple.product-type.application";
		};
/* End PBXNativeTarget section */

/* Begin PBXProject section */
		4C6F978414AF734800F8389A /* Project object */ = {
			isa = PBXProject;
			attributes = {
				LastUpgradeCheck = 0420;
			};
			buildConfigurationList = 4C6F978714AF734800F8389A /* Build configuration list for PBXProject "PhotoBrowserDemo" */;
			compatibilityVersion = "Xcode 3.2";
			developmentRegion = English;
			hasScannedForEncodings = 0;
			knownRegions = (
				en,
				fr,
			);
			mainGroup = 4C6F978214AF734800F8389A;
			productRefGroup = 4C6F978E14AF734900F8389A /* Products */;
			projectDirPath = "";
			projectRoot = "";
			targets = (
				4C6F978C14AF734800F8389A /* PhotoBrowserDemo */,
			);
		};
/* End PBXProject section */

/* Begin PBXResourcesBuildPhase section */
		4C6F978B14AF734800F8389A /* Resources */ = {
			isa = PBXResourcesBuildPhase;
			buildActionMask = 2147483647;
			files = (
				4C6F97D314AF760500F8389A /* photo1l.jpg in Resources */,
				4C6F97D414AF760500F8389A /* photo1m.jpg in Resources */,
				4C6F97D514AF760500F8389A /* photo2l.jpg in Resources */,
				4C6F97D614AF760500F8389A /* photo2m.jpg in Resources */,
				4C6F97D714AF760500F8389A /* photo3l.jpg in Resources */,
				4C6F97D814AF760500F8389A /* photo3m.jpg in Resources */,
				4C6F97D914AF760500F8389A /* photo4l.jpg in Resources */,
				4C6F97DA14AF760500F8389A /* photo4m.jpg in Resources */,
				0E76FFEF1573FE1A000EE5CA /* MWPhotoBrowser.bundle in Resources */,
				A73364411746508B00972AD5 /* MWUserHeaderView.xib in Resources */,
				A73364441746508B00972AD5 /* navbarBG.png in Resources */,
				A73364461746508B00972AD5 /* README.mdown in Resources */,
				A73364471746508B00972AD5 /* LICENSE in Resources */,
				A73364481746508B00972AD5 /* README.md in Resources */,
			);
			runOnlyForDeploymentPostprocessing = 0;
		};
/* End PBXResourcesBuildPhase section */

/* Begin PBXSourcesBuildPhase section */
		4C6F978914AF734800F8389A /* Sources */ = {
			isa = PBXSourcesBuildPhase;
			buildActionMask = 2147483647;
			files = (
				4C6F979E14AF734900F8389A /* main.m in Sources */,
				4C6F97A214AF734900F8389A /* AppDelegate.m in Sources */,
				4C6F97B314AF737E00F8389A /* Menu.m in Sources */,
				A733643C1746508B00972AD5 /* MWCaptionView.m in Sources */,
				A733643D1746508B00972AD5 /* MWPhoto.m in Sources */,
				A733643E1746508B00972AD5 /* MWPhotoBrowser.m in Sources */,
				A733643F1746508B00972AD5 /* MWTapDetectingImageView.m in Sources */,
				A73364401746508B00972AD5 /* MWTapDetectingView.m in Sources */,
				A73364421746508B00972AD5 /* MWUserHeaderView.m in Sources */,
				A73364431746508B00972AD5 /* MWZoomingScrollView.m in Sources */,
				A73364451746508B00972AD5 /* MBProgressHUD.m in Sources */,
				A73364491746508B00972AD5 /* SDImageCache.m in Sources */,
				A733644A1746508B00972AD5 /* SDWebImageDecoder.m in Sources */,
				A733644B1746508B00972AD5 /* SDWebImageDownloader.m in Sources */,
				A733644C1746508B00972AD5 /* SDWebImageManager.m in Sources */,
				A733644D1746508B00972AD5 /* SDWebImagePrefetcher.m in Sources */,
				A733644E1746508B00972AD5 /* UIButton+WebCache.m in Sources */,
				A733644F1746508B00972AD5 /* UIImageView+WebCache.m in Sources */,
			);
			runOnlyForDeploymentPostprocessing = 0;
		};
/* End PBXSourcesBuildPhase section */

/* Begin XCBuildConfiguration section */
		4C6F97AC14AF734900F8389A /* Debug */ = {
			isa = XCBuildConfiguration;
			buildSettings = {
				ALWAYS_SEARCH_USER_PATHS = YES;
				ARCHS = "$(ARCHS_STANDARD_32_BIT)";
				"CODE_SIGN_IDENTITY[sdk=iphoneos*]" = "iPhone Developer";
				COPY_PHASE_STRIP = NO;
				GCC_C_LANGUAGE_STANDARD = gnu99;
				GCC_DYNAMIC_NO_PIC = NO;
				GCC_OPTIMIZATION_LEVEL = 0;
				GCC_PREPROCESSOR_DEFINITIONS = (
					"DEBUG=1",
					"$(inherited)",
				);
				GCC_SYMBOLS_PRIVATE_EXTERN = NO;
				GCC_VERSION = com.apple.compilers.llvm.clang.1_0;
				GCC_WARN_ABOUT_MISSING_PROTOTYPES = YES;
				GCC_WARN_ABOUT_RETURN_TYPE = YES;
				GCC_WARN_UNUSED_VARIABLE = YES;
				IPHONEOS_DEPLOYMENT_TARGET = 4.0;
				SDKROOT = iphoneos;
				TARGETED_DEVICE_FAMILY = "1,2";
			};
			name = Debug;
		};
		4C6F97AD14AF734900F8389A /* Release */ = {
			isa = XCBuildConfiguration;
			buildSettings = {
				ALWAYS_SEARCH_USER_PATHS = YES;
				ARCHS = "$(ARCHS_STANDARD_32_BIT)";
				"CODE_SIGN_IDENTITY[sdk=iphoneos*]" = "iPhone Developer";
				COPY_PHASE_STRIP = YES;
				GCC_C_LANGUAGE_STANDARD = gnu99;
				GCC_VERSION = com.apple.compilers.llvm.clang.1_0;
				GCC_WARN_ABOUT_MISSING_PROTOTYPES = YES;
				GCC_WARN_ABOUT_RETURN_TYPE = YES;
				GCC_WARN_UNUSED_VARIABLE = YES;
				IPHONEOS_DEPLOYMENT_TARGET = 4.0;
				OTHER_CFLAGS = "-DNS_BLOCK_ASSERTIONS=1";
				SDKROOT = iphoneos;
				TARGETED_DEVICE_FAMILY = "1,2";
				VALIDATE_PRODUCT = YES;
			};
			name = Release;
		};
		4C6F97AF14AF734900F8389A /* Debug */ = {
			isa = XCBuildConfiguration;
			buildSettings = {
				ARCHS = (
					armv6,
					"$(ARCHS_STANDARD_32_BIT)",
				);
				CLANG_ENABLE_OBJC_ARC = NO;
				GCC_PRECOMPILE_PREFIX_HEADER = YES;
				GCC_PREFIX_HEADER = "PhotoBrowserDemo/PhotoBrowserDemo-Prefix.pch";
				INFOPLIST_FILE = "PhotoBrowserDemo/PhotoBrowserDemo-Info.plist";
				IPHONEOS_DEPLOYMENT_TARGET = 4.0;
				PRODUCT_NAME = "$(TARGET_NAME)";
				USER_HEADER_SEARCH_PATHS = "../**";
				WRAPPER_EXTENSION = app;
			};
			name = Debug;
		};
		4C6F97B014AF734900F8389A /* Release */ = {
			isa = XCBuildConfiguration;
			buildSettings = {
				ARCHS = (
					armv6,
					"$(ARCHS_STANDARD_32_BIT)",
				);
				CLANG_ENABLE_OBJC_ARC = NO;
				GCC_PRECOMPILE_PREFIX_HEADER = YES;
				GCC_PREFIX_HEADER = "PhotoBrowserDemo/PhotoBrowserDemo-Prefix.pch";
				INFOPLIST_FILE = "PhotoBrowserDemo/PhotoBrowserDemo-Info.plist";
				IPHONEOS_DEPLOYMENT_TARGET = 4.0;
				PRODUCT_NAME = "$(TARGET_NAME)";
				USER_HEADER_SEARCH_PATHS = "../**";
				WRAPPER_EXTENSION = app;
			};
			name = Release;
		};
/* End XCBuildConfiguration section */

/* Begin XCConfigurationList section */
		4C6F978714AF734800F8389A /* Build configuration list for PBXProject "PhotoBrowserDemo" */ = {
			isa = XCConfigurationList;
			buildConfigurations = (
				4C6F97AC14AF734900F8389A /* Debug */,
				4C6F97AD14AF734900F8389A /* Release */,
			);
			defaultConfigurationIsVisible = 0;
			defaultConfigurationName = Release;
		};
		4C6F97AE14AF734900F8389A /* Build configuration list for PBXNativeTarget "PhotoBrowserDemo" */ = {
			isa = XCConfigurationList;
			buildConfigurations = (
				4C6F97AF14AF734900F8389A /* Debug */,
				4C6F97B014AF734900F8389A /* Release */,
			);
			defaultConfigurationIsVisible = 0;
			defaultConfigurationName = Release;
		};
/* End XCConfigurationList section */
	};
	rootObject = 4C6F978414AF734800F8389A /* Project object */;
}
